# This file is automatically @generated by Cargo.
# It is not intended for manual editing.
version = 4

[[package]]
name = "alds1_1_a"
version = "0.1.0"

[[package]]
name = "alds1_1_d"
version = "0.1.0"

[[package]]
name = "alds1_2_a"
version = "0.1.0"

[[package]]
name = "alds1_2_b"
version = "0.1.0"

[[package]]
name = "alds1_2_c"
version = "0.1.0"

[[package]]
name = "alds1_2_d"
version = "0.1.0"

[[package]]
name = "alds1_3_a"
version = "0.1.0"

[[package]]
name = "alds1_3_b"
version = "0.1.0"

[[package]]
name = "alds1_3_c"
version = "0.1.0"

[[package]]
name = "alds1_3_d"
version = "0.1.0"

[[package]]
name = "alds1_4_a"
version = "0.1.0"

[[package]]
name = "alds1_4_b"
version = "0.1.0"
