# This file is automatically @generated by Cargo.
# It is not intended for manual editing.
version = 4

[[package]]
name = "alds1_10_a"
version = "0.1.0"

[[package]]
name = "alds1_10_b"
version = "0.1.0"

[[package]]
name = "alds1_10_c"
version = "0.1.0"

[[package]]
name = "alds1_1_a"
version = "0.1.0"

[[package]]
name = "alds1_1_d"
version = "0.1.0"

[[package]]
name = "alds1_2_a"
version = "0.1.0"

[[package]]
name = "alds1_2_b"
version = "0.1.0"

[[package]]
name = "alds1_2_c"
version = "0.1.0"

[[package]]
name = "alds1_2_d"
version = "0.1.0"

[[package]]
name = "alds1_3_a"
version = "0.1.0"

[[package]]
name = "alds1_3_b"
version = "0.1.0"

[[package]]
name = "alds1_3_c"
version = "0.1.0"

[[package]]
name = "alds1_3_d"
version = "0.1.0"

[[package]]
name = "alds1_4_a"
version = "0.1.0"

[[package]]
name = "alds1_4_b"
version = "0.1.0"

[[package]]
name = "alds1_4_c"
version = "0.1.0"

[[package]]
name = "alds1_4_d"
version = "0.1.0"

[[package]]
name = "alds1_5_a"
version = "0.1.0"

[[package]]
name = "alds1_5_b"
version = "0.1.0"

[[package]]
name = "alds1_5_c"
version = "0.1.0"

[[package]]
name = "alds1_5_d"
version = "0.1.0"

[[package]]
name = "alds1_6_a"
version = "0.1.0"

[[package]]
name = "alds1_6_b"
version = "0.1.0"

[[package]]
name = "alds1_6_c"
version = "0.1.0"

[[package]]
name = "alds1_7_a"
version = "0.1.0"

[[package]]
name = "alds1_7_b"
version = "0.1.0"

[[package]]
name = "alds1_7_c"
version = "0.1.0"

[[package]]
name = "alds1_8_a"
version = "0.1.0"

[[package]]
name = "alds1_8_b"
version = "0.1.0"

[[package]]
name = "alds1_8_c"
version = "0.1.0"

[[package]]
name = "alds1_9_a"
version = "0.1.0"

[[package]]
name = "alds1_9_b"
version = "0.1.0"

[[package]]
name = "alds1_9_c"
version = "0.1.0"
